
Microsoft Visual Studio Solution File, Format Version 12.00
# Visual Studio 2013
VisualStudioVersion = 12.0.21005.1
MinimumVisualStudioVersion = 10.0.40219.1
Project("{FAE04EC0-301F-11D3-BF4B-00C04F79EFBC}") = "131_PE_Bykov", "131_PE_Bykov\131_PE_Bykov.csproj", "{4F4C30F9-D5D2-4498-B412-D9CA3381147F}"
EndProject
Global
	GlobalSection(SolutionConfigurationPlatforms) = preSolution
		Debug|Any CPU = Debug|Any CPU
		Release|Any CPU = Release|Any CPU
	EndGlobalSection
	GlobalSection(ProjectConfigurationPlatforms) = postSolution
		{4F4C30F9-D5D2-4498-B412-D9CA3381147F}.Debug|Any CPU.ActiveCfg = Debug|Any CPU
		{4F4C30F9-D5D2-4498-B412-D9CA3381147F}.Debug|Any CPU.Build.0 = Debug|Any CPU
		{4F4C30F9-D5D2-4498-B412-D9CA3381147F}.Release|Any CPU.ActiveCfg = Release|Any CPU
		{4F4C30F9-D5D2-4498-B412-D9CA3381147F}.Release|Any CPU.Build.0 = Release|Any CPU
	EndGlobalSection
	GlobalSection(SolutionProperties) = preSolution
		HideSolutionNode = FALSE
	EndGlobalSection
EndGlobal
